
Microsoft Visual Studio Solution File, Format Version 12.00
# Visual Studio Version 17
VisualStudioVersion = 17.10.35027.167
MinimumVisualStudioVersion = 10.0.40219.1
Project("{FAE04EC0-301F-11D3-BF4B-00C04F79EFBC}") = "FirstTask", "FirstTask\FirstTask.csproj", "{C66F736E-F35A-4A40-909F-B55EA74ECAF5}"
EndProject
Global
	GlobalSection(SolutionConfigurationPlatforms) = preSolution
		Debug|Any CPU = Debug|Any CPU
		Release|Any CPU = Release|Any CPU
	EndGlobalSection
	GlobalSection(ProjectConfigurationPlatforms) = postSolution
		{C66F736E-F35A-4A40-909F-B55EA74ECAF5}.Debug|Any CPU.ActiveCfg = Debug|Any CPU
		{C66F736E-F35A-4A40-909F-B55EA74ECAF5}.Debug|Any CPU.Build.0 = Debug|Any CPU
		{C66F736E-F35A-4A40-909F-B55EA74ECAF5}.Release|Any CPU.ActiveCfg = Release|Any CPU
		{C66F736E-F35A-4A40-909F-B55EA74ECAF5}.Release|Any CPU.Build.0 = Release|Any CPU
	EndGlobalSection
	GlobalSection(SolutionProperties) = preSolution
		HideSolutionNode = FALSE
	EndGlobalSection
	GlobalSection(ExtensibilityGlobals) = postSolution
		SolutionGuid = {013CB9E5-5274-471E-A5FD-BC8371B78BCB}
	EndGlobalSection
EndGlobal
